
Microsoft Visual Studio Solution File, Format Version 12.00
# Visual Studio Version 16
VisualStudioVersion = 16.0.30011.22
MinimumVisualStudioVersion = 10.0.40219.1
Project("{FAE04EC0-301F-11D3-BF4B-00C04F79EFBC}") = "Programa_01", "HBR_Group\Programa_01.csproj", "{4B0A91C0-3FDB-4256-BE96-9BB6F696319C}"
EndProject
Project("{FAE04EC0-301F-11D3-BF4B-00C04F79EFBC}") = "Programa_02", "Programa_2\Programa_02.csproj", "{B4F9098B-1669-4D81-BF95-B2E5AD919411}"
EndProject
Project("{FAE04EC0-301F-11D3-BF4B-00C04F79EFBC}") = "Programa_03", "Programa_3\Programa_03.csproj", "{4C597A42-F6C7-4CB6-897A-67C636EC6ECC}"
EndProject
Project("{FAE04EC0-301F-11D3-BF4B-00C04F79EFBC}") = "Programa_04", "Programa_4\Programa_04.csproj", "{C7A5AF9A-D3E4-43A7-B346-511660A4BFC8}"
EndProject
Project("{FAE04EC0-301F-11D3-BF4B-00C04F79EFBC}") = "Programa_05", "Programa_5\Programa_05.csproj", "{60573F45-E997-4F59-9403-F5FA332659DF}"
EndProject
Project("{FAE04EC0-301F-11D3-BF4B-00C04F79EFBC}") = "Programa_06", "Programa_6\Programa_06.csproj", "{575CCBFD-B95F-4115-A743-9C7C64BA0A73}"
EndProject
Project("{FAE04EC0-301F-11D3-BF4B-00C04F79EFBC}") = "Programa_07", "Programa_7\Programa_07.csproj", "{FD7AF89C-BB7B-4172-95EB-3941BFDC8A29}"
EndProject
Project("{FAE04EC0-301F-11D3-BF4B-00C04F79EFBC}") = "Programa_08", "Programa_8\Programa_08.csproj", "{5BEA5D16-B33B-4881-BFBF-AD39021D906E}"
EndProject
Project("{FAE04EC0-301F-11D3-BF4B-00C04F79EFBC}") = "Programa_09", "Programa_9\Programa_09.csproj", "{6B16F8C6-018B-4A44-8D40-37D1CED0B48D}"
EndProject
Project("{FAE04EC0-301F-11D3-BF4B-00C04F79EFBC}") = "Programa_10", "Programa_10\Programa_10.csproj", "{094BF961-DCC4-4C72-AA69-4C26C012CF2E}"
EndProject
Project("{FAE04EC0-301F-11D3-BF4B-00C04F79EFBC}") = "Programa_11", "Programa_11\Programa_11.csproj", "{9D01914C-E829-405C-B239-344A51D206E5}"
EndProject
Project("{FAE04EC0-301F-11D3-BF4B-00C04F79EFBC}") = "Programa_12", "Programa_12\Programa_12.csproj", "{87D3A6D7-3F7B-446F-A4D1-051E5DDAEA2D}"
EndProject
Project("{FAE04EC0-301F-11D3-BF4B-00C04F79EFBC}") = "Programa_13", "Programa_13\Programa_13.csproj", "{E73B7326-57E4-4D30-BC83-D7C1B76CD746}"
EndProject
Project("{FAE04EC0-301F-11D3-BF4B-00C04F79EFBC}") = "Programa_14", "Programa_14\Programa_14.csproj", "{1ACC9F43-ACEC-42F8-B213-59AA9FF58CA6}"
EndProject
Project("{FAE04EC0-301F-11D3-BF4B-00C04F79EFBC}") = "Programa_15", "Programa_15\Programa_15.csproj", "{C7D186FD-E310-4304-8458-490E9311B44C}"
EndProject
Project("{FAE04EC0-301F-11D3-BF4B-00C04F79EFBC}") = "Programa_16", "Programa_16\Programa_16.csproj", "{19F0B3BF-D5BC-4AC1-80B7-872A9DAF7700}"
EndProject
Project("{FAE04EC0-301F-11D3-BF4B-00C04F79EFBC}") = "Programa_17", "Programa_17\Programa_17.csproj", "{F91738FC-2AE0-4D1D-81A5-770953554003}"
EndProject
Project("{FAE04EC0-301F-11D3-BF4B-00C04F79EFBC}") = "Programa_18", "Programa_118\Programa_18.csproj", "{08C780C4-7414-4877-A834-E52DAA15DE4E}"
EndProject
Project("{FAE04EC0-301F-11D3-BF4B-00C04F79EFBC}") = "Programa_19", "Programa_19\Programa_19.csproj", "{D445AC54-8DCD-4283-9F8D-267AEDEAF223}"
EndProject
Project("{FAE04EC0-301F-11D3-BF4B-00C04F79EFBC}") = "Programa_20", "Programa_20\Programa_20.csproj", "{46A68F76-DB13-4B69-87B1-90AC0E24C106}"
EndProject
Project("{FAE04EC0-301F-11D3-BF4B-00C04F79EFBC}") = "Programa_22", "Programa_22\Programa_22.csproj", "{9161F129-CDD2-4853-A828-F505894E38C9}"
EndProject
Project("{FAE04EC0-301F-11D3-BF4B-00C04F79EFBC}") = "Programa_23", "Programa_23\Programa_23.csproj", "{6519A7FC-8BD4-4DC8-BF43-1CD527649D57}"
EndProject
Project("{FAE04EC0-301F-11D3-BF4B-00C04F79EFBC}") = "Programa_24", "Programa_24\Programa_24.csproj", "{F683667C-552B-435F-B4AB-73DCEDCC16DB}"
EndProject
Project("{FAE04EC0-301F-11D3-BF4B-00C04F79EFBC}") = "Programa_21", "Programa_21\Programa_21.csproj", "{31C9DBB3-C307-404A-BD0F-BD8CC821EF38}"
EndProject
Global
	GlobalSection(SolutionConfigurationPlatforms) = preSolution
		Debug|Any CPU = Debug|Any CPU
		Release|Any CPU = Release|Any CPU
	EndGlobalSection
	GlobalSection(ProjectConfigurationPlatforms) = postSolution
		{4B0A91C0-3FDB-4256-BE96-9BB6F696319C}.Debug|Any CPU.ActiveCfg = Debug|Any CPU
		{4B0A91C0-3FDB-4256-BE96-9BB6F696319C}.Debug|Any CPU.Build.0 = Debug|Any CPU
		{4B0A91C0-3FDB-4256-BE96-9BB6F696319C}.Release|Any CPU.ActiveCfg = Release|Any CPU
		{4B0A91C0-3FDB-4256-BE96-9BB6F696319C}.Release|Any CPU.Build.0 = Release|Any CPU
		{B4F9098B-1669-4D81-BF95-B2E5AD919411}.Debug|Any CPU.ActiveCfg = Debug|Any CPU
		{B4F9098B-1669-4D81-BF95-B2E5AD919411}.Debug|Any CPU.Build.0 = Debug|Any CPU
		{B4F9098B-1669-4D81-BF95-B2E5AD919411}.Release|Any CPU.ActiveCfg = Release|Any CPU
		{B4F9098B-1669-4D81-BF95-B2E5AD919411}.Release|Any CPU.Build.0 = Release|Any CPU
		{4C597A42-F6C7-4CB6-897A-67C636EC6ECC}.Debug|Any CPU.ActiveCfg = Debug|Any CPU
		{4C597A42-F6C7-4CB6-897A-67C636EC6ECC}.Debug|Any CPU.Build.0 = Debug|Any CPU
		{4C597A42-F6C7-4CB6-897A-67C636EC6ECC}.Release|Any CPU.ActiveCfg = Release|Any CPU
		{4C597A42-F6C7-4CB6-897A-67C636EC6ECC}.Release|Any CPU.Build.0 = Release|Any CPU
		{C7A5AF9A-D3E4-43A7-B346-511660A4BFC8}.Debug|Any CPU.ActiveCfg = Debug|Any CPU
		{C7A5AF9A-D3E4-43A7-B346-511660A4BFC8}.Debug|Any CPU.Build.0 = Debug|Any CPU
		{C7A5AF9A-D3E4-43A7-B346-511660A4BFC8}.Release|Any CPU.ActiveCfg = Release|Any CPU
		{C7A5AF9A-D3E4-43A7-B346-511660A4BFC8}.Release|Any CPU.Build.0 = Release|Any CPU
		{60573F45-E997-4F59-9403-F5FA332659DF}.Debug|Any CPU.ActiveCfg = Debug|Any CPU
		{60573F45-E997-4F59-9403-F5FA332659DF}.Debug|Any CPU.Build.0 = Debug|Any CPU
		{60573F45-E997-4F59-9403-F5FA332659DF}.Release|Any CPU.ActiveCfg = Release|Any CPU
		{60573F45-E997-4F59-9403-F5FA332659DF}.Release|Any CPU.Build.0 = Release|Any CPU
		{575CCBFD-B95F-4115-A743-9C7C64BA0A73}.Debug|Any CPU.ActiveCfg = Debug|Any CPU
		{575CCBFD-B95F-4115-A743-9C7C64BA0A73}.Debug|Any CPU.Build.0 = Debug|Any CPU
		{575CCBFD-B95F-4115-A743-9C7C64BA0A73}.Release|Any CPU.ActiveCfg = Release|Any CPU
		{575CCBFD-B95F-4115-A743-9C7C64BA0A73}.Release|Any CPU.Build.0 = Release|Any CPU
		{FD7AF89C-BB7B-4172-95EB-3941BFDC8A29}.Debug|Any CPU.ActiveCfg = Debug|Any CPU
		{FD7AF89C-BB7B-4172-95EB-3941BFDC8A29}.Debug|Any CPU.Build.0 = Debug|Any CPU
		{FD7AF89C-BB7B-4172-95EB-3941BFDC8A29}.Release|Any CPU.ActiveCfg = Release|Any CPU
		{FD7AF89C-BB7B-4172-95EB-3941BFDC8A29}.Release|Any CPU.Build.0 = Release|Any CPU
		{5BEA5D16-B33B-4881-BFBF-AD39021D906E}.Debug|Any CPU.ActiveCfg = Debug|Any CPU
		{5BEA5D16-B33B-4881-BFBF-AD39021D906E}.Debug|Any CPU.Build.0 = Debug|Any CPU
		{5BEA5D16-B33B-4881-BFBF-AD39021D906E}.Release|Any CPU.ActiveCfg = Release|Any CPU
		{5BEA5D16-B33B-4881-BFBF-AD39021D906E}.Release|Any CPU.Build.0 = Release|Any CPU
		{6B16F8C6-018B-4A44-8D40-37D1CED0B48D}.Debug|Any CPU.ActiveCfg = Debug|Any CPU
		{6B16F8C6-018B-4A44-8D40-37D1CED0B48D}.Debug|Any CPU.Build.0 = Debug|Any CPU
		{6B16F8C6-018B-4A44-8D40-37D1CED0B48D}.Release|Any CPU.ActiveCfg = Release|Any CPU
		{6B16F8C6-018B-4A44-8D40-37D1CED0B48D}.Release|Any CPU.Build.0 = Release|Any CPU
		{094BF961-DCC4-4C72-AA69-4C26C012CF2E}.Debug|Any CPU.ActiveCfg = Debug|Any CPU
		{094BF961-DCC4-4C72-AA69-4C26C012CF2E}.Debug|Any CPU.Build.0 = Debug|Any CPU
		{094BF961-DCC4-4C72-AA69-4C26C012CF2E}.Release|Any CPU.ActiveCfg = Release|Any CPU
		{094BF961-DCC4-4C72-AA69-4C26C012CF2E}.Release|Any CPU.Build.0 = Release|Any CPU
		{9D01914C-E829-405C-B239-344A51D206E5}.Debug|Any CPU.ActiveCfg = Debug|Any CPU
		{9D01914C-E829-405C-B239-344A51D206E5}.Debug|Any CPU.Build.0 = Debug|Any CPU
		{9D01914C-E829-405C-B239-344A51D206E5}.Release|Any CPU.ActiveCfg = Release|Any CPU
		{9D01914C-E829-405C-B239-344A51D206E5}.Release|Any CPU.Build.0 = Release|Any CPU
		{87D3A6D7-3F7B-446F-A4D1-051E5DDAEA2D}.Debug|Any CPU.ActiveCfg = Debug|Any CPU
		{87D3A6D7-3F7B-446F-A4D1-051E5DDAEA2D}.Debug|Any CPU.Build.0 = Debug|Any CPU
		{87D3A6D7-3F7B-446F-A4D1-051E5DDAEA2D}.Release|Any CPU.ActiveCfg = Release|Any CPU
		{87D3A6D7-3F7B-446F-A4D1-051E5DDAEA2D}.Release|Any CPU.Build.0 = Release|Any CPU
		{E73B7326-57E4-4D30-BC83-D7C1B76CD746}.Debug|Any CPU.ActiveCfg = Debug|Any CPU
		{E73B7326-57E4-4D30-BC83-D7C1B76CD746}.Debug|Any CPU.Build.0 = Debug|Any CPU
		{E73B7326-57E4-4D30-BC83-D7C1B76CD746}.Release|Any CPU.ActiveCfg = Release|Any CPU
		{E73B7326-57E4-4D30-BC83-D7C1B76CD746}.Release|Any CPU.Build.0 = Release|Any CPU
		{1ACC9F43-ACEC-42F8-B213-59AA9FF58CA6}.Debug|Any CPU.ActiveCfg = Debug|Any CPU
		{1ACC9F43-ACEC-42F8-B213-59AA9FF58CA6}.Debug|Any CPU.Build.0 = Debug|Any CPU
		{1ACC9F43-ACEC-42F8-B213-59AA9FF58CA6}.Release|Any CPU.ActiveCfg = Release|Any CPU
		{1ACC9F43-ACEC-42F8-B213-59AA9FF58CA6}.Release|Any CPU.Build.0 = Release|Any CPU
		{C7D186FD-E310-4304-8458-490E9311B44C}.Debug|Any CPU.ActiveCfg = Debug|Any CPU
		{C7D186FD-E310-4304-8458-490E9311B44C}.Debug|Any CPU.Build.0 = Debug|Any CPU
		{C7D186FD-E310-4304-8458-490E9311B44C}.Release|Any CPU.ActiveCfg = Release|Any CPU
		{C7D186FD-E310-4304-8458-490E9311B44C}.Release|Any CPU.Build.0 = Release|Any CPU
		{19F0B3BF-D5BC-4AC1-80B7-872A9DAF7700}.Debug|Any CPU.ActiveCfg = Debug|Any CPU
		{19F0B3BF-D5BC-4AC1-80B7-872A9DAF7700}.Debug|Any CPU.Build.0 = Debug|Any CPU
		{19F0B3BF-D5BC-4AC1-80B7-872A9DAF7700}.Release|Any CPU.ActiveCfg = Release|Any CPU
		{19F0B3BF-D5BC-4AC1-80B7-872A9DAF7700}.Release|Any CPU.Build.0 = Release|Any CPU
		{F91738FC-2AE0-4D1D-81A5-770953554003}.Debug|Any CPU.ActiveCfg = Debug|Any CPU
		{F91738FC-2AE0-4D1D-81A5-770953554003}.Debug|Any CPU.Build.0 = Debug|Any CPU
		{F91738FC-2AE0-4D1D-81A5-770953554003}.Release|Any CPU.ActiveCfg = Release|Any CPU
		{F91738FC-2AE0-4D1D-81A5-770953554003}.Release|Any CPU.Build.0 = Release|Any CPU
		{08C780C4-7414-4877-A834-E52DAA15DE4E}.Debug|Any CPU.ActiveCfg = Debug|Any CPU
		{08C780C4-7414-4877-A834-E52DAA15DE4E}.Debug|Any CPU.Build.0 = Debug|Any CPU
		{08C780C4-7414-4877-A834-E52DAA15DE4E}.Release|Any CPU.ActiveCfg = Release|Any CPU
		{08C780C4-7414-4877-A834-E52DAA15DE4E}.Release|Any CPU.Build.0 = Release|Any CPU
		{D445AC54-8DCD-4283-9F8D-267AEDEAF223}.Debug|Any CPU.ActiveCfg = Debug|Any CPU
		{D445AC54-8DCD-4283-9F8D-267AEDEAF223}.Debug|Any CPU.Build.0 = Debug|Any CPU
		{D445AC54-8DCD-4283-9F8D-267AEDEAF223}.Release|Any CPU.ActiveCfg = Release|Any CPU
		{D445AC54-8DCD-4283-9F8D-267AEDEAF223}.Release|Any CPU.Build.0 = Release|Any CPU
		{46A68F76-DB13-4B69-87B1-90AC0E24C106}.Debug|Any CPU.ActiveCfg = Debug|Any CPU
		{46A68F76-DB13-4B69-87B1-90AC0E24C106}.Debug|Any CPU.Build.0 = Debug|Any CPU
		{46A68F76-DB13-4B69-87B1-90AC0E24C106}.Release|Any CPU.ActiveCfg = Release|Any CPU
		{46A68F76-DB13-4B69-87B1-90AC0E24C106}.Release|Any CPU.Build.0 = Release|Any CPU
		{9161F129-CDD2-4853-A828-F505894E38C9}.Debug|Any CPU.ActiveCfg = Debug|Any CPU
		{9161F129-CDD2-4853-A828-F505894E38C9}.Debug|Any CPU.Build.0 = Debug|Any CPU
		{9161F129-CDD2-4853-A828-F505894E38C9}.Release|Any CPU.ActiveCfg = Release|Any CPU
		{9161F129-CDD2-4853-A828-F505894E38C9}.Release|Any CPU.Build.0 = Release|Any CPU
		{6519A7FC-8BD4-4DC8-BF43-1CD527649D57}.Debug|Any CPU.ActiveCfg = Debug|Any CPU
		{6519A7FC-8BD4-4DC8-BF43-1CD527649D57}.Debug|Any CPU.Build.0 = Debug|Any CPU
		{6519A7FC-8BD4-4DC8-BF43-1CD527649D57}.Release|Any CPU.ActiveCfg = Release|Any CPU
		{6519A7FC-8BD4-4DC8-BF43-1CD527649D57}.Release|Any CPU.Build.0 = Release|Any CPU
		{F683667C-552B-435F-B4AB-73DCEDCC16DB}.Debug|Any CPU.ActiveCfg = Debug|Any CPU
		{F683667C-552B-435F-B4AB-73DCEDCC16DB}.Debug|Any CPU.Build.0 = Debug|Any CPU
		{F683667C-552B-435F-B4AB-73DCEDCC16DB}.Release|Any CPU.ActiveCfg = Release|Any CPU
		{F683667C-552B-435F-B4AB-73DCEDCC16DB}.Release|Any CPU.Build.0 = Release|Any CPU
		{31C9DBB3-C307-404A-BD0F-BD8CC821EF38}.Debug|Any CPU.ActiveCfg = Debug|Any CPU
		{31C9DBB3-C307-404A-BD0F-BD8CC821EF38}.Debug|Any CPU.Build.0 = Debug|Any CPU
		{31C9DBB3-C307-404A-BD0F-BD8CC821EF38}.Release|Any CPU.ActiveCfg = Release|Any CPU
		{31C9DBB3-C307-404A-BD0F-BD8CC821EF38}.Release|Any CPU.Build.0 = Release|Any CPU
	EndGlobalSection
	GlobalSection(SolutionProperties) = preSolution
		HideSolutionNode = FALSE
	EndGlobalSection
	GlobalSection(ExtensibilityGlobals) = postSolution
		SolutionGuid = {5CECA518-8BA4-4EDA-BBBA-94A3DB6CC9CA}
	EndGlobalSection
EndGlobal
